
Microsoft Visual Studio Solution File, Format Version 12.00
# Visual Studio Version 16
VisualStudioVersion = 16.0.31229.75
MinimumVisualStudioVersion = 10.0.40219.1
Project("{FAE04EC0-301F-11D3-BF4B-00C04F79EFBC}") = "CSharp_CallStarWarsAPIAssignment", "CSharp_CallStarWarsAPIAssignment\CSharp_CallStarWarsAPIAssignment.csproj", "{5BBE6081-62EE-4598-836B-2F8DB3BF5448}"
EndProject
Global
	GlobalSection(SolutionConfigurationPlatforms) = preSolution
		Debug|Any CPU = Debug|Any CPU
		Release|Any CPU = Release|Any CPU
	EndGlobalSection
	GlobalSection(ProjectConfigurationPlatforms) = postSolution
		{5BBE6081-62EE-4598-836B-2F8DB3BF5448}.Debug|Any CPU.ActiveCfg = Debug|Any CPU
		{5BBE6081-62EE-4598-836B-2F8DB3BF5448}.Debug|Any CPU.Build.0 = Debug|Any CPU
		{5BBE6081-62EE-4598-836B-2F8DB3BF5448}.Release|Any CPU.ActiveCfg = Release|Any CPU
		{5BBE6081-62EE-4598-836B-2F8DB3BF5448}.Release|Any CPU.Build.0 = Release|Any CPU
	EndGlobalSection
	GlobalSection(SolutionProperties) = preSolution
		HideSolutionNode = FALSE
	EndGlobalSection
	GlobalSection(ExtensibilityGlobals) = postSolution
		SolutionGuid = {5CE453A3-7753-42BB-9290-C5E42D0DD264}
	EndGlobalSection
EndGlobal
